
Microsoft Visual Studio Solution File, Format Version 12.00
# Visual Studio Version 17
VisualStudioVersion = 17.3.32825.248
MinimumVisualStudioVersion = 10.0.40219.1
Project("{FAE04EC0-301F-11D3-BF4B-00C04F79EFBC}") = "NetCore6.MVC", "NetCore6.MVC\NetCore6.MVC.csproj", "{27D6B715-0839-4421-9D02-5FFDFE87A804}"
EndProject
Global
	GlobalSection(SolutionConfigurationPlatforms) = preSolution
		Debug|Any CPU = Debug|Any CPU
		Release|Any CPU = Release|Any CPU
	EndGlobalSection
	GlobalSection(ProjectConfigurationPlatforms) = postSolution
		{27D6B715-0839-4421-9D02-5FFDFE87A804}.Debug|Any CPU.ActiveCfg = Debug|Any CPU
		{27D6B715-0839-4421-9D02-5FFDFE87A804}.Debug|Any CPU.Build.0 = Debug|Any CPU
		{27D6B715-0839-4421-9D02-5FFDFE87A804}.Release|Any CPU.ActiveCfg = Release|Any CPU
		{27D6B715-0839-4421-9D02-5FFDFE87A804}.Release|Any CPU.Build.0 = Release|Any CPU
	EndGlobalSection
	GlobalSection(SolutionProperties) = preSolution
		HideSolutionNode = FALSE
	EndGlobalSection
	GlobalSection(ExtensibilityGlobals) = postSolution
		SolutionGuid = {C578CD6B-8DA6-4FF0-A54C-93C288746CB9}
	EndGlobalSection
EndGlobal
